
Microsoft Visual Studio Solution File, Format Version 12.00
# Visual Studio Version 17
VisualStudioVersion = 17.14.37111.16 d17.14
MinimumVisualStudioVersion = 10.0.40219.1
Project("{FAE04EC0-301F-11D3-BF4B-00C04F79EFBC}") = "JuegoLaberinto", "JuegoLaberinto.csproj", "{790508A4-B6A8-444F-8ADE-361654DAF476}"
EndProject
Global
	GlobalSection(SolutionConfigurationPlatforms) = preSolution
		Debug|Any CPU = Debug|Any CPU
		Release|Any CPU = Release|Any CPU
	EndGlobalSection
	GlobalSection(ProjectConfigurationPlatforms) = postSolution
		{790508A4-B6A8-444F-8ADE-361654DAF476}.Debug|Any CPU.ActiveCfg = Debug|Any CPU
		{790508A4-B6A8-444F-8ADE-361654DAF476}.Debug|Any CPU.Build.0 = Debug|Any CPU
		{790508A4-B6A8-444F-8ADE-361654DAF476}.Release|Any CPU.ActiveCfg = Release|Any CPU
		{790508A4-B6A8-444F-8ADE-361654DAF476}.Release|Any CPU.Build.0 = Release|Any CPU
	EndGlobalSection
	GlobalSection(SolutionProperties) = preSolution
		HideSolutionNode = FALSE
	EndGlobalSection
	GlobalSection(ExtensibilityGlobals) = postSolution
		SolutionGuid = {6104CF64-C5A4-4CC7-90DF-B82EF3E3200E}
	EndGlobalSection
EndGlobal
